// !$*UTF8*$!
{
	archiveVersion = 1;
	classes = {
	};
	objectVersion = 51;
	objects = {

/* Begin PBXBuildFile section */
		2A041D51284ADFB2002BCA77 /* WebKit.framework in Frameworks */ = {isa = PBXBuildFile; fileRef = 2A041D50284ADFB2002BCA77 /* WebKit.framework */; };
		2A041D53284AE02A002BCA77 /* PartsWebViewController.swift in Sources */ = {isa = PBXBuildFile; fileRef = 2A041D52284AE02A002BCA77 /* PartsWebViewController.swift */; };
		2A041D55284AE81B002BCA77 /* PartsWebViewController.storyboard in Resources */ = {isa = PBXBuildFile; fileRef = 2A041D54284AE81B002BCA77 /* PartsWebViewController.storyboard */; };
		2A0DBACC28277FC200EA6477 /* PartsImageCollectionViewCell.swift in Sources */ = {isa = PBXBuildFile; fileRef = 2A0DBACB28277FC200EA6477 /* PartsImageCollectionViewCell.swift */; };
		2A2B7660280927B500550054 /* SearchPartsTableViewCell.xib in Resources */ = {isa = PBXBuildFile; fileRef = 2A2B765F280927B500550054 /* SearchPartsTableViewCell.xib */; };
		2A2B766228092DCF00550054 /* SearchPartsTableViewCell.swift in Sources */ = {isa = PBXBuildFile; fileRef = 2A2B766128092DCF00550054 /* SearchPartsTableViewCell.swift */; };
		2A2DB36B2883254600E68783 /* UpdateLatestPartsInfo.swift in Sources */ = {isa = PBXBuildFile; fileRef = 2A2DB36A2883254600E68783 /* UpdateLatestPartsInfo.swift */; };
		2A36E2882802953F0075C952 /* SearchPartsViewController.storyboard in Resources */ = {isa = PBXBuildFile; fileRef = 2A36E2872802953F0075C952 /* SearchPartsViewController.storyboard */; };
		2A36E28A2802963C0075C952 /* SearchPartsViewController.swift in Sources */ = {isa = PBXBuildFile; fileRef = 2A36E2892802963C0075C952 /* SearchPartsViewController.swift */; };
		2A6FA2162806814400B27677 /* PCParts.swift in Sources */ = {isa = PBXBuildFile; fileRef = 2A6FA2152806814400B27677 /* PCParts.swift */; };
		2A71B5CA2802B35A00F636E1 /* SearchParts.swift in Sources */ = {isa = PBXBuildFile; fileRef = 2A71B5C92802B35A00F636E1 /* SearchParts.swift */; };
		2A9C069827B6736200280671 /* NewCustomViewController.storyboard in Resources */ = {isa = PBXBuildFile; fileRef = 2A9C069727B6736200280671 /* NewCustomViewController.storyboard */; };
		2A9C069A27B676C000280671 /* NewCustomViewController.swift in Sources */ = {isa = PBXBuildFile; fileRef = 2A9C069927B676C000280671 /* NewCustomViewController.swift */; };
		2AD853E3280FD963000C9CF6 /* ShiftJISEncode.swift in Sources */ = {isa = PBXBuildFile; fileRef = 2AD853E2280FD963000C9CF6 /* ShiftJISEncode.swift */; };
		2AD853E52815A125000C9CF6 /* PartsDetailViewController.storyboard in Resources */ = {isa = PBXBuildFile; fileRef = 2AD853E42815A125000C9CF6 /* PartsDetailViewController.storyboard */; };
		2AD853E7281651AE000C9CF6 /* PartsDetailViewController.swift in Sources */ = {isa = PBXBuildFile; fileRef = 2AD853E6281651AE000C9CF6 /* PartsDetailViewController.swift */; };
		2AD853E92818F646000C9CF6 /* ParseDetails.swift in Sources */ = {isa = PBXBuildFile; fileRef = 2AD853E82818F645000C9CF6 /* ParseDetails.swift */; };
		2AE64C54287948930054E436 /* StoredCustomViewController.storyboard in Resources */ = {isa = PBXBuildFile; fileRef = 2AE64C53287948930054E436 /* StoredCustomViewController.storyboard */; };
		2AE64C56287A94450054E436 /* StoredCustomViewController.swift in Sources */ = {isa = PBXBuildFile; fileRef = 2AE64C55287A94450054E436 /* StoredCustomViewController.swift */; };
		2AFAB94E284CD6FA00ABAB6D /* CheckCompatibility.swift in Sources */ = {isa = PBXBuildFile; fileRef = 2AFAB94D284CD6FA00ABAB6D /* CheckCompatibility.swift */; };
		2AFAB950285F698300ABAB6D /* AccessData.swift in Sources */ = {isa = PBXBuildFile; fileRef = 2AFAB94F285F698300ABAB6D /* AccessData.swift */; };
		2AFAE14F27B665D300D74495 /* AppDelegate.swift in Sources */ = {isa = PBXBuildFile; fileRef = 2AFAE14E27B665D300D74495 /* AppDelegate.swift */; };
		2AFAE15127B665D300D74495 /* SceneDelegate.swift in Sources */ = {isa = PBXBuildFile; fileRef = 2AFAE15027B665D300D74495 /* SceneDelegate.swift */; };
		2AFAE15327B665D300D74495 /* CustomListViewController.swift in Sources */ = {isa = PBXBuildFile; fileRef = 2AFAE15227B665D300D74495 /* CustomListViewController.swift */; };
		2AFAE15627B665D300D74495 /* Main.storyboard in Resources */ = {isa = PBXBuildFile; fileRef = 2AFAE15427B665D300D74495 /* Main.storyboard */; };
		2AFAE15927B665D300D74495 /* CustomPC.xcdatamodeld in Sources */ = {isa = PBXBuildFile; fileRef = 2AFAE15727B665D300D74495 /* CustomPC.xcdatamodeld */; };
		2AFAE15B27B665D400D74495 /* Assets.xcassets in Resources */ = {isa = PBXBuildFile; fileRef = 2AFAE15A27B665D400D74495 /* Assets.xcassets */; };
		2AFAE15E27B665D400D74495 /* LaunchScreen.storyboard in Resources */ = {isa = PBXBuildFile; fileRef = 2AFAE15C27B665D400D74495 /* LaunchScreen.storyboard */; };
		2AFAE16927B665D400D74495 /* CustomPCTests.swift in Sources */ = {isa = PBXBuildFile; fileRef = 2AFAE16827B665D400D74495 /* CustomPCTests.swift */; };
		2AFAE17427B665D400D74495 /* CustomPCUITests.swift in Sources */ = {isa = PBXBuildFile; fileRef = 2AFAE17327B665D400D74495 /* CustomPCUITests.swift */; };
		6818DF7574833ABBE5576A7C /* Pods_CustomPCTests.framework in Frameworks */ = {isa = PBXBuildFile; fileRef = 537841D11F29E523BBBAF9E8 /* Pods_CustomPCTests.framework */; };
		DF6C83566ABD9FC390A6E182 /* Pods_CustomPC.framework in Frameworks */ = {isa = PBXBuildFile; fileRef = B75A743F9AF042066A159E76 /* Pods_CustomPC.framework */; };
		E8D5656725471108638192CC /* Pods_CustomPC_CustomPCUITests.framework in Frameworks */ = {isa = PBXBuildFile; fileRef = 603A831513123B42895D01E7 /* Pods_CustomPC_CustomPCUITests.framework */; };
/* End PBXBuildFile section */

/* Begin PBXContainerItemProxy section */
		2AFAE16527B665D400D74495 /* PBXContainerItemProxy */ = {
			isa = PBXContainerItemProxy;
			containerPortal = 2AFAE14327B665D300D74495 /* Project object */;
			proxyType = 1;
			remoteGlobalIDString = 2AFAE14A27B665D300D74495;
			remoteInfo = CustomPC;
		};
		2AFAE17027B665D400D74495 /* PBXContainerItemProxy */ = {
			isa = PBXContainerItemProxy;
			containerPortal = 2AFAE14327B665D300D74495 /* Project object */;
			proxyType = 1;
			remoteGlobalIDString = 2AFAE14A27B665D300D74495;
			remoteInfo = CustomPC;
		};
/* End PBXContainerItemProxy section */

/* Begin PBXFileReference section */
		26170C6A563D0A357B414DE6 /* Pods-CustomPC-CustomPCUITests.release.xcconfig */ = {isa = PBXFileReference; includeInIndex = 1; lastKnownFileType = text.xcconfig; name = "Pods-CustomPC-CustomPCUITests.release.xcconfig"; path = "Target Support Files/Pods-CustomPC-CustomPCUITests/Pods-CustomPC-CustomPCUITests.release.xcconfig"; sourceTree = "<group>"; };
		2A041D50284ADFB2002BCA77 /* WebKit.framework */ = {isa = PBXFileReference; lastKnownFileType = wrapper.framework; name = WebKit.framework; path = System/Library/Frameworks/WebKit.framework; sourceTree = SDKROOT; };
		2A041D52284AE02A002BCA77 /* PartsWebViewController.swift */ = {isa = PBXFileReference; lastKnownFileType = sourcecode.swift; path = PartsWebViewController.swift; sourceTree = "<group>"; };
		2A041D54284AE81B002BCA77 /* PartsWebViewController.storyboard */ = {isa = PBXFileReference; lastKnownFileType = file.storyboard; path = PartsWebViewController.storyboard; sourceTree = "<group>"; };
		2A0DBACB28277FC200EA6477 /* PartsImageCollectionViewCell.swift */ = {isa = PBXFileReference; lastKnownFileType = sourcecode.swift; path = PartsImageCollectionViewCell.swift; sourceTree = "<group>"; };
		2A2B765F280927B500550054 /* SearchPartsTableViewCell.xib */ = {isa = PBXFileReference; lastKnownFileType = file.xib; path = SearchPartsTableViewCell.xib; sourceTree = "<group>"; };
		2A2B766128092DCF00550054 /* SearchPartsTableViewCell.swift */ = {isa = PBXFileReference; lastKnownFileType = sourcecode.swift; path = SearchPartsTableViewCell.swift; sourceTree = "<group>"; };
		2A2DB36A2883254600E68783 /* UpdateLatestPartsInfo.swift */ = {isa = PBXFileReference; lastKnownFileType = sourcecode.swift; path = UpdateLatestPartsInfo.swift; sourceTree = "<group>"; };
		2A36E2872802953F0075C952 /* SearchPartsViewController.storyboard */ = {isa = PBXFileReference; lastKnownFileType = file.storyboard; path = SearchPartsViewController.storyboard; sourceTree = "<group>"; };
		2A36E2892802963C0075C952 /* SearchPartsViewController.swift */ = {isa = PBXFileReference; lastKnownFileType = sourcecode.swift; path = SearchPartsViewController.swift; sourceTree = "<group>"; };
		2A6FA2152806814400B27677 /* PCParts.swift */ = {isa = PBXFileReference; lastKnownFileType = sourcecode.swift; path = PCParts.swift; sourceTree = "<group>"; };
		2A71B5C92802B35A00F636E1 /* SearchParts.swift */ = {isa = PBXFileReference; lastKnownFileType = sourcecode.swift; path = SearchParts.swift; sourceTree = "<group>"; };
		2A9C069727B6736200280671 /* NewCustomViewController.storyboard */ = {isa = PBXFileReference; lastKnownFileType = file.storyboard; path = NewCustomViewController.storyboard; sourceTree = "<group>"; };
		2A9C069927B676C000280671 /* NewCustomViewController.swift */ = {isa = PBXFileReference; lastKnownFileType = sourcecode.swift; path = NewCustomViewController.swift; sourceTree = "<group>"; };
		2AD853E2280FD963000C9CF6 /* ShiftJISEncode.swift */ = {isa = PBXFileReference; lastKnownFileType = sourcecode.swift; path = ShiftJISEncode.swift; sourceTree = "<group>"; };
		2AD853E42815A125000C9CF6 /* PartsDetailViewController.storyboard */ = {isa = PBXFileReference; lastKnownFileType = file.storyboard; path = PartsDetailViewController.storyboard; sourceTree = "<group>"; };
		2AD853E6281651AE000C9CF6 /* PartsDetailViewController.swift */ = {isa = PBXFileReference; lastKnownFileType = sourcecode.swift; path = PartsDetailViewController.swift; sourceTree = "<group>"; };
		2AD853E82818F645000C9CF6 /* ParseDetails.swift */ = {isa = PBXFileReference; lastKnownFileType = sourcecode.swift; path = ParseDetails.swift; sourceTree = "<group>"; };
		2AE64C53287948930054E436 /* StoredCustomViewController.storyboard */ = {isa = PBXFileReference; lastKnownFileType = file.storyboard; path = StoredCustomViewController.storyboard; sourceTree = "<group>"; };
		2AE64C55287A94450054E436 /* StoredCustomViewController.swift */ = {isa = PBXFileReference; lastKnownFileType = sourcecode.swift; path = StoredCustomViewController.swift; sourceTree = "<group>"; };
		2AFAB94D284CD6FA00ABAB6D /* CheckCompatibility.swift */ = {isa = PBXFileReference; lastKnownFileType = sourcecode.swift; path = CheckCompatibility.swift; sourceTree = "<group>"; };
		2AFAB94F285F698300ABAB6D /* AccessData.swift */ = {isa = PBXFileReference; lastKnownFileType = sourcecode.swift; path = AccessData.swift; sourceTree = "<group>"; };
		2AFAE14B27B665D300D74495 /* CustomPC.app */ = {isa = PBXFileReference; explicitFileType = wrapper.application; includeInIndex = 0; path = CustomPC.app; sourceTree = BUILT_PRODUCTS_DIR; };
		2AFAE14E27B665D300D74495 /* AppDelegate.swift */ = {isa = PBXFileReference; lastKnownFileType = sourcecode.swift; path = AppDelegate.swift; sourceTree = "<group>"; };
		2AFAE15027B665D300D74495 /* SceneDelegate.swift */ = {isa = PBXFileReference; lastKnownFileType = sourcecode.swift; path = SceneDelegate.swift; sourceTree = "<group>"; };
		2AFAE15227B665D300D74495 /* CustomListViewController.swift */ = {isa = PBXFileReference; lastKnownFileType = sourcecode.swift; path = CustomListViewController.swift; sourceTree = "<group>"; };
		2AFAE15527B665D300D74495 /* Base */ = {isa = PBXFileReference; lastKnownFileType = file.storyboard; name = Base; path = Base.lproj/Main.storyboard; sourceTree = "<group>"; };
		2AFAE15827B665D300D74495 /* CustomPC.xcdatamodel */ = {isa = PBXFileReference; lastKnownFileType = wrapper.xcdatamodel; path = CustomPC.xcdatamodel; sourceTree = "<group>"; };
		2AFAE15A27B665D400D74495 /* Assets.xcassets */ = {isa = PBXFileReference; lastKnownFileType = folder.assetcatalog; path = Assets.xcassets; sourceTree = "<group>"; };
		2AFAE15D27B665D400D74495 /* Base */ = {isa = PBXFileReference; lastKnownFileType = file.storyboard; name = Base; path = Base.lproj/LaunchScreen.storyboard; sourceTree = "<group>"; };
		2AFAE15F27B665D400D74495 /* Info.plist */ = {isa = PBXFileReference; lastKnownFileType = text.plist.xml; path = Info.plist; sourceTree = "<group>"; };
		2AFAE16427B665D400D74495 /* CustomPCTests.xctest */ = {isa = PBXFileReference; explicitFileType = wrapper.cfbundle; includeInIndex = 0; path = CustomPCTests.xctest; sourceTree = BUILT_PRODUCTS_DIR; };
		2AFAE16827B665D400D74495 /* CustomPCTests.swift */ = {isa = PBXFileReference; lastKnownFileType = sourcecode.swift; path = CustomPCTests.swift; sourceTree = "<group>"; };
		2AFAE16A27B665D400D74495 /* Info.plist */ = {isa = PBXFileReference; lastKnownFileType = text.plist.xml; path = Info.plist; sourceTree = "<group>"; };
		2AFAE16F27B665D400D74495 /* CustomPCUITests.xctest */ = {isa = PBXFileReference; explicitFileType = wrapper.cfbundle; includeInIndex = 0; path = CustomPCUITests.xctest; sourceTree = BUILT_PRODUCTS_DIR; };
		2AFAE17327B665D400D74495 /* CustomPCUITests.swift */ = {isa = PBXFileReference; lastKnownFileType = sourcecode.swift; path = CustomPCUITests.swift; sourceTree = "<group>"; };
		2AFAE17527B665D400D74495 /* Info.plist */ = {isa = PBXFileReference; lastKnownFileType = text.plist.xml; path = Info.plist; sourceTree = "<group>"; };
		537841D11F29E523BBBAF9E8 /* Pods_CustomPCTests.framework */ = {isa = PBXFileReference; explicitFileType = wrapper.framework; includeInIndex = 0; path = Pods_CustomPCTests.framework; sourceTree = BUILT_PRODUCTS_DIR; };
		603A831513123B42895D01E7 /* Pods_CustomPC_CustomPCUITests.framework */ = {isa = PBXFileReference; explicitFileType = wrapper.framework; includeInIndex = 0; path = Pods_CustomPC_CustomPCUITests.framework; sourceTree = BUILT_PRODUCTS_DIR; };
		8ADFA820151DC7223515A414 /* Pods-CustomPCTests.debug.xcconfig */ = {isa = PBXFileReference; includeInIndex = 1; lastKnownFileType = text.xcconfig; name = "Pods-CustomPCTests.debug.xcconfig"; path = "Target Support Files/Pods-CustomPCTests/Pods-CustomPCTests.debug.xcconfig"; sourceTree = "<group>"; };
		B72A07F6CFC7484263F84E74 /* Pods-CustomPCTests.release.xcconfig */ = {isa = PBXFileReference; includeInIndex = 1; lastKnownFileType = text.xcconfig; name = "Pods-CustomPCTests.release.xcconfig"; path = "Target Support Files/Pods-CustomPCTests/Pods-CustomPCTests.release.xcconfig"; sourceTree = "<group>"; };
		B75A743F9AF042066A159E76 /* Pods_CustomPC.framework */ = {isa = PBXFileReference; explicitFileType = wrapper.framework; includeInIndex = 0; path = Pods_CustomPC.framework; sourceTree = BUILT_PRODUCTS_DIR; };
		B7EDFCB98BC3C5FA6F7EF733 /* Pods-CustomPC.debug.xcconfig */ = {isa = PBXFileReference; includeInIndex = 1; lastKnownFileType = text.xcconfig; name = "Pods-CustomPC.debug.xcconfig"; path = "Target Support Files/Pods-CustomPC/Pods-CustomPC.debug.xcconfig"; sourceTree = "<group>"; };
		D0D1A3F0A574C2F0B30BDBFF /* Pods-CustomPC.release.xcconfig */ = {isa = PBXFileReference; includeInIndex = 1; lastKnownFileType = text.xcconfig; name = "Pods-CustomPC.release.xcconfig"; path = "Target Support Files/Pods-CustomPC/Pods-CustomPC.release.xcconfig"; sourceTree = "<group>"; };
		DB6515AF84A23A56238BEF4B /* Pods-CustomPC-CustomPCUITests.debug.xcconfig */ = {isa = PBXFileReference; includeInIndex = 1; lastKnownFileType = text.xcconfig; name = "Pods-CustomPC-CustomPCUITests.debug.xcconfig"; path = "Target Support Files/Pods-CustomPC-CustomPCUITests/Pods-CustomPC-CustomPCUITests.debug.xcconfig"; sourceTree = "<group>"; };
/* End PBXFileReference section */

/* Begin PBXFrameworksBuildPhase section */
		2AFAE14827B665D300D74495 /* Frameworks */ = {
			isa = PBXFrameworksBuildPhase;
			buildActionMask = 2147483647;
			files = (
				2A041D51284ADFB2002BCA77 /* WebKit.framework in Frameworks */,
				DF6C83566ABD9FC390A6E182 /* Pods_CustomPC.framework in Frameworks */,
			);
			runOnlyForDeploymentPostprocessing = 0;
		};
		2AFAE16127B665D400D74495 /* Frameworks */ = {
			isa = PBXFrameworksBuildPhase;
			buildActionMask = 2147483647;
			files = (
				6818DF7574833ABBE5576A7C /* Pods_CustomPCTests.framework in Frameworks */,
			);
			runOnlyForDeploymentPostprocessing = 0;
		};
		2AFAE16C27B665D400D74495 /* Frameworks */ = {
			isa = PBXFrameworksBuildPhase;
			buildActionMask = 2147483647;
			files = (
				E8D5656725471108638192CC /* Pods_CustomPC_CustomPCUITests.framework in Frameworks */,
			);
			runOnlyForDeploymentPostprocessing = 0;
		};
/* End PBXFrameworksBuildPhase section */

/* Begin PBXGroup section */
		2A71B5C42802A61900F636E1 /* Views */ = {
			isa = PBXGroup;
			children = (
				2AFAE15427B665D300D74495 /* Main.storyboard */,
				2A9C069727B6736200280671 /* NewCustomViewController.storyboard */,
				2A2B765F280927B500550054 /* SearchPartsTableViewCell.xib */,
				2A36E2872802953F0075C952 /* SearchPartsViewController.storyboard */,
				2AE64C53287948930054E436 /* StoredCustomViewController.storyboard */,
				2AFAE15C27B665D400D74495 /* LaunchScreen.storyboard */,
				2AD853E42815A125000C9CF6 /* PartsDetailViewController.storyboard */,
				2A041D54284AE81B002BCA77 /* PartsWebViewController.storyboard */,
			);
			path = Views;
			sourceTree = "<group>";
		};
		2A71B5C52802A64200F636E1 /* ViewControllers */ = {
			isa = PBXGroup;
			children = (
				2AFAE15227B665D300D74495 /* CustomListViewController.swift */,
				2AE64C55287A94450054E436 /* StoredCustomViewController.swift */,
				2A041D52284AE02A002BCA77 /* PartsWebViewController.swift */,
				2A2B766128092DCF00550054 /* SearchPartsTableViewCell.swift */,
				2A9C069927B676C000280671 /* NewCustomViewController.swift */,
				2A36E2892802963C0075C952 /* SearchPartsViewController.swift */,
				2AD853E6281651AE000C9CF6 /* PartsDetailViewController.swift */,
				2A0DBACB28277FC200EA6477 /* PartsImageCollectionViewCell.swift */,
			);
			path = ViewControllers;
			sourceTree = "<group>";
		};
		2AFAE14227B665D300D74495 = {
			isa = PBXGroup;
			children = (
				2AFAE14D27B665D300D74495 /* CustomPC */,
				2AFAE16727B665D400D74495 /* CustomPCTests */,
				2AFAE17227B665D400D74495 /* CustomPCUITests */,
				2AFAE14C27B665D300D74495 /* Products */,
				3CE0D415CC3E7D32137786F9 /* Pods */,
				C50F214ED45638406A73FF9A /* Frameworks */,
			);
			sourceTree = "<group>";
		};
		2AFAE14C27B665D300D74495 /* Products */ = {
			isa = PBXGroup;
			children = (
				2AFAE14B27B665D300D74495 /* CustomPC.app */,
				2AFAE16427B665D400D74495 /* CustomPCTests.xctest */,
				2AFAE16F27B665D400D74495 /* CustomPCUITests.xctest */,
			);
			name = Products;
			sourceTree = "<group>";
		};
		2AFAE14D27B665D300D74495 /* CustomPC */ = {
			isa = PBXGroup;
			children = (
				2A71B5C52802A64200F636E1 /* ViewControllers */,
				2A71B5C42802A61900F636E1 /* Views */,
				2AFAE14E27B665D300D74495 /* AppDelegate.swift */,
				2AFAE15027B665D300D74495 /* SceneDelegate.swift */,
				2A71B5C92802B35A00F636E1 /* SearchParts.swift */,
				2AD853E2280FD963000C9CF6 /* ShiftJISEncode.swift */,
				2A2DB36A2883254600E68783 /* UpdateLatestPartsInfo.swift */,
				2A6FA2152806814400B27677 /* PCParts.swift */,
				2AFAB94F285F698300ABAB6D /* AccessData.swift */,
				2AD853E82818F645000C9CF6 /* ParseDetails.swift */,
				2AFAB94D284CD6FA00ABAB6D /* CheckCompatibility.swift */,
				2AFAE15A27B665D400D74495 /* Assets.xcassets */,
				2AFAE15F27B665D400D74495 /* Info.plist */,
				2AFAE15727B665D300D74495 /* CustomPC.xcdatamodeld */,
			);
			path = CustomPC;
			sourceTree = "<group>";
		};
		2AFAE16727B665D400D74495 /* CustomPCTests */ = {
			isa = PBXGroup;
			children = (
				2AFAE16827B665D400D74495 /* CustomPCTests.swift */,
				2AFAE16A27B665D400D74495 /* Info.plist */,
			);
			path = CustomPCTests;
			sourceTree = "<group>";
		};
		2AFAE17227B665D400D74495 /* CustomPCUITests */ = {
			isa = PBXGroup;
			children = (
				2AFAE17327B665D400D74495 /* CustomPCUITests.swift */,
				2AFAE17527B665D400D74495 /* Info.plist */,
			);
			path = CustomPCUITests;
			sourceTree = "<group>";
		};
		3CE0D415CC3E7D32137786F9 /* Pods */ = {
			isa = PBXGroup;
			children = (
				B7EDFCB98BC3C5FA6F7EF733 /* Pods-CustomPC.debug.xcconfig */,
				D0D1A3F0A574C2F0B30BDBFF /* Pods-CustomPC.release.xcconfig */,
				DB6515AF84A23A56238BEF4B /* Pods-CustomPC-CustomPCUITests.debug.xcconfig */,
				26170C6A563D0A357B414DE6 /* Pods-CustomPC-CustomPCUITests.release.xcconfig */,
				8ADFA820151DC7223515A414 /* Pods-CustomPCTests.debug.xcconfig */,
				B72A07F6CFC7484263F84E74 /* Pods-CustomPCTests.release.xcconfig */,
			);
			path = Pods;
			sourceTree = "<group>";
		};
		C50F214ED45638406A73FF9A /* Frameworks */ = {
			isa = PBXGroup;
			children = (
				2A041D50284ADFB2002BCA77 /* WebKit.framework */,
				B75A743F9AF042066A159E76 /* Pods_CustomPC.framework */,
				603A831513123B42895D01E7 /* Pods_CustomPC_CustomPCUITests.framework */,
				537841D11F29E523BBBAF9E8 /* Pods_CustomPCTests.framework */,
			);
			name = Frameworks;
			sourceTree = "<group>";
		};
/* End PBXGroup section */

/* Begin PBXNativeTarget section */
		2AFAE14A27B665D300D74495 /* CustomPC */ = {
			isa = PBXNativeTarget;
			buildConfigurationList = 2AFAE17827B665D400D74495 /* Build configuration list for PBXNativeTarget "CustomPC" */;
			buildPhases = (
				1F5CB3147D59C33378C98FAD /* [CP] Check Pods Manifest.lock */,
				2AFAE14727B665D300D74495 /* Sources */,
				2AFAE14827B665D300D74495 /* Frameworks */,
				2AFAE14927B665D300D74495 /* Resources */,
				495DCF4500B6C286F3B4E59F /* [CP] Embed Pods Frameworks */,
			);
			buildRules = (
			);
			dependencies = (
			);
			name = CustomPC;
			productName = CustomPC;
			productReference = 2AFAE14B27B665D300D74495 /* CustomPC.app */;
			productType = "com.apple.product-type.application";
		};
		2AFAE16327B665D400D74495 /* CustomPCTests */ = {
			isa = PBXNativeTarget;
			buildConfigurationList = 2AFAE17B27B665D400D74495 /* Build configuration list for PBXNativeTarget "CustomPCTests" */;
			buildPhases = (
				3C681603C3AFB339D7D5AC8D /* [CP] Check Pods Manifest.lock */,
				2AFAE16027B665D400D74495 /* Sources */,
				2AFAE16127B665D400D74495 /* Frameworks */,
				2AFAE16227B665D400D74495 /* Resources */,
			);
			buildRules = (
			);
			dependencies = (
				2AFAE16627B665D400D74495 /* PBXTargetDependency */,
			);
			name = CustomPCTests;
			productName = CustomPCTests;
			productReference = 2AFAE16427B665D400D74495 /* CustomPCTests.xctest */;
			productType = "com.apple.product-type.bundle.unit-test";
		};
		2AFAE16E27B665D400D74495 /* CustomPCUITests */ = {
			isa = PBXNativeTarget;
			buildConfigurationList = 2AFAE17E27B665D400D74495 /* Build configuration list for PBXNativeTarget "CustomPCUITests" */;
			buildPhases = (
				5273D4B55D77288C4F3E3D9E /* [CP] Check Pods Manifest.lock */,
				2AFAE16B27B665D400D74495 /* Sources */,
				2AFAE16C27B665D400D74495 /* Frameworks */,
				2AFAE16D27B665D400D74495 /* Resources */,
				F07E1C2608D807DE92903D7D /* [CP] Embed Pods Frameworks */,
			);
			buildRules = (
			);
			dependencies = (
				2AFAE17127B665D400D74495 /* PBXTargetDependency */,
			);
			name = CustomPCUITests;
			productName = CustomPCUITests;
			productReference = 2AFAE16F27B665D400D74495 /* CustomPCUITests.xctest */;
			productType = "com.apple.product-type.bundle.ui-testing";
		};
/* End PBXNativeTarget section */

/* Begin PBXProject section */
		2AFAE14327B665D300D74495 /* Project object */ = {
			isa = PBXProject;
			attributes = {
				LastSwiftUpdateCheck = 1250;
				LastUpgradeCheck = 1250;
				TargetAttributes = {
					2AFAE14A27B665D300D74495 = {
						CreatedOnToolsVersion = 12.5;
					};
					2AFAE16327B665D400D74495 = {
						CreatedOnToolsVersion = 12.5;
						TestTargetID = 2AFAE14A27B665D300D74495;
					};
					2AFAE16E27B665D400D74495 = {
						CreatedOnToolsVersion = 12.5;
						TestTargetID = 2AFAE14A27B665D300D74495;
					};
				};
			};
			buildConfigurationList = 2AFAE14627B665D300D74495 /* Build configuration list for PBXProject "CustomPC" */;
			compatibilityVersion = "Xcode 9.3";
			developmentRegion = en;
			hasScannedForEncodings = 0;
			knownRegions = (
				en,
				Base,
			);
			mainGroup = 2AFAE14227B665D300D74495;
			productRefGroup = 2AFAE14C27B665D300D74495 /* Products */;
			projectDirPath = "";
			projectRoot = "";
			targets = (
				2AFAE14A27B665D300D74495 /* CustomPC */,
				2AFAE16327B665D400D74495 /* CustomPCTests */,
				2AFAE16E27B665D400D74495 /* CustomPCUITests */,
			);
		};
/* End PBXProject section */

/* Begin PBXResourcesBuildPhase section */
		2AFAE14927B665D300D74495 /* Resources */ = {
			isa = PBXResourcesBuildPhase;
			buildActionMask = 2147483647;
			files = (
				2A2B7660280927B500550054 /* SearchPartsTableViewCell.xib in Resources */,
				2AD853E52815A125000C9CF6 /* PartsDetailViewController.storyboard in Resources */,
				2A36E2882802953F0075C952 /* SearchPartsViewController.storyboard in Resources */,
				2A9C069827B6736200280671 /* NewCustomViewController.storyboard in Resources */,
				2AFAE15E27B665D400D74495 /* LaunchScreen.storyboard in Resources */,
				2A041D55284AE81B002BCA77 /* PartsWebViewController.storyboard in Resources */,
				2AFAE15B27B665D400D74495 /* Assets.xcassets in Resources */,
				2AE64C54287948930054E436 /* StoredCustomViewController.storyboard in Resources */,
				2AFAE15627B665D300D74495 /* Main.storyboard in Resources */,
			);
			runOnlyForDeploymentPostprocessing = 0;
		};
		2AFAE16227B665D400D74495 /* Resources */ = {
			isa = PBXResourcesBuildPhase;
			buildActionMask = 2147483647;
			files = (
			);
			runOnlyForDeploymentPostprocessing = 0;
		};
		2AFAE16D27B665D400D74495 /* Resources */ = {
			isa = PBXResourcesBuildPhase;
			buildActionMask = 2147483647;
			files = (
			);
			runOnlyForDeploymentPostprocessing = 0;
		};
/* End PBXResourcesBuildPhase section */

/* Begin PBXShellScriptBuildPhase section */
		1F5CB3147D59C33378C98FAD /* [CP] Check Pods Manifest.lock */ = {
			isa = PBXShellScriptBuildPhase;
			buildActionMask = 2147483647;
			files = (
			);
			inputFileListPaths = (
			);
			inputPaths = (
				"${PODS_PODFILE_DIR_PATH}/Podfile.lock",
				"${PODS_ROOT}/Manifest.lock",
			);
			name = "[CP] Check Pods Manifest.lock";
			outputFileListPaths = (
			);
			outputPaths = (
				"$(DERIVED_FILE_DIR)/Pods-CustomPC-checkManifestLockResult.txt",
			);
			runOnlyForDeploymentPostprocessing = 0;
			shellPath = /bin/sh;
			shellScript = "diff \"${PODS_PODFILE_DIR_PATH}/Podfile.lock\" \"${PODS_ROOT}/Manifest.lock\" > /dev/null\nif [ $? != 0 ] ; then\n    # print error to STDERR\n    echo \"error: The sandbox is not in sync with the Podfile.lock. Run 'pod install' or update your CocoaPods installation.\" >&2\n    exit 1\nfi\n# This output is used by Xcode 'outputs' to avoid re-running this script phase.\necho \"SUCCESS\" > \"${SCRIPT_OUTPUT_FILE_0}\"\n";
			showEnvVarsInLog = 0;
		};
		3C681603C3AFB339D7D5AC8D /* [CP] Check Pods Manifest.lock */ = {
			isa = PBXShellScriptBuildPhase;
			buildActionMask = 2147483647;
			files = (
			);
			inputFileListPaths = (
			);
			inputPaths = (
				"${PODS_PODFILE_DIR_PATH}/Podfile.lock",
				"${PODS_ROOT}/Manifest.lock",
			);
			name = "[CP] Check Pods Manifest.lock";
			outputFileListPaths = (
			);
			outputPaths = (
				"$(DERIVED_FILE_DIR)/Pods-CustomPCTests-checkManifestLockResult.txt",
			);
			runOnlyForDeploymentPostprocessing = 0;
			shellPath = /bin/sh;
			shellScript = "diff \"${PODS_PODFILE_DIR_PATH}/Podfile.lock\" \"${PODS_ROOT}/Manifest.lock\" > /dev/null\nif [ $? != 0 ] ; then\n    # print error to STDERR\n    echo \"error: The sandbox is not in sync with the Podfile.lock. Run 'pod install' or update your CocoaPods installation.\" >&2\n    exit 1\nfi\n# This output is used by Xcode 'outputs' to avoid re-running this script phase.\necho \"SUCCESS\" > \"${SCRIPT_OUTPUT_FILE_0}\"\n";
			showEnvVarsInLog = 0;
		};
		495DCF4500B6C286F3B4E59F /* [CP] Embed Pods Frameworks */ = {
			isa = PBXShellScriptBuildPhase;
			buildActionMask = 2147483647;
			files = (
			);
			inputFileListPaths = (
				"${PODS_ROOT}/Target Support Files/Pods-CustomPC/Pods-CustomPC-frameworks-${CONFIGURATION}-input-files.xcfilelist",
			);
			name = "[CP] Embed Pods Frameworks";
			outputFileListPaths = (
				"${PODS_ROOT}/Target Support Files/Pods-CustomPC/Pods-CustomPC-frameworks-${CONFIGURATION}-output-files.xcfilelist",
			);
			runOnlyForDeploymentPostprocessing = 0;
			shellPath = /bin/sh;
			shellScript = "\"${PODS_ROOT}/Target Support Files/Pods-CustomPC/Pods-CustomPC-frameworks.sh\"\n";
			showEnvVarsInLog = 0;
		};
		5273D4B55D77288C4F3E3D9E /* [CP] Check Pods Manifest.lock */ = {
			isa = PBXShellScriptBuildPhase;
			buildActionMask = 2147483647;
			files = (
			);
			inputFileListPaths = (
			);
			inputPaths = (
				"${PODS_PODFILE_DIR_PATH}/Podfile.lock",
				"${PODS_ROOT}/Manifest.lock",
			);
			name = "[CP] Check Pods Manifest.lock";
			outputFileListPaths = (
			);
			outputPaths = (
				"$(DERIVED_FILE_DIR)/Pods-CustomPC-CustomPCUITests-checkManifestLockResult.txt",
			);
			runOnlyForDeploymentPostprocessing = 0;
			shellPath = /bin/sh;
			shellScript = "diff \"${PODS_PODFILE_DIR_PATH}/Podfile.lock\" \"${PODS_ROOT}/Manifest.lock\" > /dev/null\nif [ $? != 0 ] ; then\n    # print error to STDERR\n    echo \"error: The sandbox is not in sync with the Podfile.lock. Run 'pod install' or update your CocoaPods installation.\" >&2\n    exit 1\nfi\n# This output is used by Xcode 'outputs' to avoid re-running this script phase.\necho \"SUCCESS\" > \"${SCRIPT_OUTPUT_FILE_0}\"\n";
			showEnvVarsInLog = 0;
		};
		F07E1C2608D807DE92903D7D /* [CP] Embed Pods Frameworks */ = {
			isa = PBXShellScriptBuildPhase;
			buildActionMask = 2147483647;
			files = (
			);
			inputFileListPaths = (
				"${PODS_ROOT}/Target Support Files/Pods-CustomPC-CustomPCUITests/Pods-CustomPC-CustomPCUITests-frameworks-${CONFIGURATION}-input-files.xcfilelist",
			);
			name = "[CP] Embed Pods Frameworks";
			outputFileListPaths = (
				"${PODS_ROOT}/Target Support Files/Pods-CustomPC-CustomPCUITests/Pods-CustomPC-CustomPCUITests-frameworks-${CONFIGURATION}-output-files.xcfilelist",
			);
			runOnlyForDeploymentPostprocessing = 0;
			shellPath = /bin/sh;
			shellScript = "\"${PODS_ROOT}/Target Support Files/Pods-CustomPC-CustomPCUITests/Pods-CustomPC-CustomPCUITests-frameworks.sh\"\n";
			showEnvVarsInLog = 0;
		};
/* End PBXShellScriptBuildPhase section */

/* Begin PBXSourcesBuildPhase section */
		2AFAE14727B665D300D74495 /* Sources */ = {
			isa = PBXSourcesBuildPhase;
			buildActionMask = 2147483647;
			files = (
				2A2B766228092DCF00550054 /* SearchPartsTableViewCell.swift in Sources */,
				2AFAE15327B665D300D74495 /* CustomListViewController.swift in Sources */,
				2AD853E92818F646000C9CF6 /* ParseDetails.swift in Sources */,
				2AFAE14F27B665D300D74495 /* AppDelegate.swift in Sources */,
				2A041D53284AE02A002BCA77 /* PartsWebViewController.swift in Sources */,
				2A9C069A27B676C000280671 /* NewCustomViewController.swift in Sources */,
				2AFAB94E284CD6FA00ABAB6D /* CheckCompatibility.swift in Sources */,
				2AFAB950285F698300ABAB6D /* AccessData.swift in Sources */,
				2AFAE15127B665D300D74495 /* SceneDelegate.swift in Sources */,
				2AFAE15927B665D300D74495 /* CustomPC.xcdatamodeld in Sources */,
				2A2DB36B2883254600E68783 /* UpdateLatestPartsInfo.swift in Sources */,
				2A6FA2162806814400B27677 /* PCParts.swift in Sources */,
				2A71B5CA2802B35A00F636E1 /* SearchParts.swift in Sources */,
				2A36E28A2802963C0075C952 /* SearchPartsViewController.swift in Sources */,
				2AD853E7281651AE000C9CF6 /* PartsDetailViewController.swift in Sources */,
				2A0DBACC28277FC200EA6477 /* PartsImageCollectionViewCell.swift in Sources */,
				2AD853E3280FD963000C9CF6 /* ShiftJISEncode.swift in Sources */,
				2AE64C56287A94450054E436 /* StoredCustomViewController.swift in Sources */,
			);
			runOnlyForDeploymentPostprocessing = 0;
		};
		2AFAE16027B665D400D74495 /* Sources */ = {
			isa = PBXSourcesBuildPhase;
			buildActionMask = 2147483647;
			files = (
				2AFAE16927B665D400D74495 /* CustomPCTests.swift in Sources */,
			);
			runOnlyForDeploymentPostprocessing = 0;
		};
		2AFAE16B27B665D400D74495 /* Sources */ = {
			isa = PBXSourcesBuildPhase;
			buildActionMask = 2147483647;
			files = (
				2AFAE17427B665D400D74495 /* CustomPCUITests.swift in Sources */,
			);
			runOnlyForDeploymentPostprocessing = 0;
		};
/* End PBXSourcesBuildPhase section */

/* Begin PBXTargetDependency section */
		2AFAE16627B665D400D74495 /* PBXTargetDependency */ = {
			isa = PBXTargetDependency;
			target = 2AFAE14A27B665D300D74495 /* CustomPC */;
			targetProxy = 2AFAE16527B665D400D74495 /* PBXContainerItemProxy */;
		};
		2AFAE17127B665D400D74495 /* PBXTargetDependency */ = {
			isa = PBXTargetDependency;
			target = 2AFAE14A27B665D300D74495 /* CustomPC */;
			targetProxy = 2AFAE17027B665D400D74495 /* PBXContainerItemProxy */;
		};
/* End PBXTargetDependency section */

/* Begin PBXVariantGroup section */
		2AFAE15427B665D300D74495 /* Main.storyboard */ = {
			isa = PBXVariantGroup;
			children = (
				2AFAE15527B665D300D74495 /* Base */,
			);
			name = Main.storyboard;
			sourceTree = "<group>";
		};
		2AFAE15C27B665D400D74495 /* LaunchScreen.storyboard */ = {
			isa = PBXVariantGroup;
			children = (
				2AFAE15D27B665D400D74495 /* Base */,
			);
			name = LaunchScreen.storyboard;
			sourceTree = "<group>";
		};
/* End PBXVariantGroup section */

/* Begin XCBuildConfiguration section */
		2AFAE17627B665D400D74495 /* Debug */ = {
			isa = XCBuildConfiguration;
			buildSettings = {
				ALWAYS_SEARCH_USER_PATHS = NO;
				CLANG_ANALYZER_NONNULL = YES;
				CLANG_ANALYZER_NUMBER_OBJECT_CONVERSION = YES_AGGRESSIVE;
				CLANG_CXX_LANGUAGE_STANDARD = "gnu++14";
				CLANG_CXX_LIBRARY = "libc++";
				CLANG_ENABLE_MODULES = YES;
				CLANG_ENABLE_OBJC_ARC = YES;
				CLANG_ENABLE_OBJC_WEAK = YES;
				CLANG_WARN_BLOCK_CAPTURE_AUTORELEASING = YES;
				CLANG_WARN_BOOL_CONVERSION = YES;
				CLANG_WARN_COMMA = YES;
				CLANG_WARN_CONSTANT_CONVERSION = YES;
				CLANG_WARN_DEPRECATED_OBJC_IMPLEMENTATIONS = YES;
				CLANG_WARN_DIRECT_OBJC_ISA_USAGE = YES_ERROR;
				CLANG_WARN_DOCUMENTATION_COMMENTS = YES;
				CLANG_WARN_EMPTY_BODY = YES;
				CLANG_WARN_ENUM_CONVERSION = YES;
				CLANG_WARN_INFINITE_RECURSION = YES;
				CLANG_WARN_INT_CONVERSION = YES;
				CLANG_WARN_NON_LITERAL_NULL_CONVERSION = YES;
				CLANG_WARN_OBJC_IMPLICIT_RETAIN_SELF = YES;
				CLANG_WARN_OBJC_LITERAL_CONVERSION = YES;
				CLANG_WARN_OBJC_ROOT_CLASS = YES_ERROR;
				CLANG_WARN_QUOTED_INCLUDE_IN_FRAMEWORK_HEADER = YES;
				CLANG_WARN_RANGE_LOOP_ANALYSIS = YES;
				CLANG_WARN_STRICT_PROTOTYPES = YES;
				CLANG_WARN_SUSPICIOUS_MOVE = YES;
				CLANG_WARN_UNGUARDED_AVAILABILITY = YES_AGGRESSIVE;
				CLANG_WARN_UNREACHABLE_CODE = YES;
				CLANG_WARN__DUPLICATE_METHOD_MATCH = YES;
				COPY_PHASE_STRIP = NO;
				DEBUG_INFORMATION_FORMAT = dwarf;
				ENABLE_STRICT_OBJC_MSGSEND = YES;
				ENABLE_TESTABILITY = YES;
				GCC_C_LANGUAGE_STANDARD = gnu11;
				GCC_DYNAMIC_NO_PIC = NO;
				GCC_NO_COMMON_BLOCKS = YES;
				GCC_OPTIMIZATION_LEVEL = 0;
				GCC_PREPROCESSOR_DEFINITIONS = (
					"DEBUG=1",
					"$(inherited)",
				);
				GCC_WARN_64_TO_32_BIT_CONVERSION = YES;
				GCC_WARN_ABOUT_RETURN_TYPE = YES_ERROR;
				GCC_WARN_UNDECLARED_SELECTOR = YES;
				GCC_WARN_UNINITIALIZED_AUTOS = YES_AGGRESSIVE;
				GCC_WARN_UNUSED_FUNCTION = YES;
				GCC_WARN_UNUSED_VARIABLE = YES;
				IPHONEOS_DEPLOYMENT_TARGET = 14.5;
				MTL_ENABLE_DEBUG_INFO = INCLUDE_SOURCE;
				MTL_FAST_MATH = YES;
				ONLY_ACTIVE_ARCH = YES;
				SDKROOT = iphoneos;
				SWIFT_ACTIVE_COMPILATION_CONDITIONS = DEBUG;
				SWIFT_OPTIMIZATION_LEVEL = "-Onone";
			};
			name = Debug;
		};
		2AFAE17727B665D400D74495 /* Release */ = {
			isa = XCBuildConfiguration;
			buildSettings = {
				ALWAYS_SEARCH_USER_PATHS = NO;
				CLANG_ANALYZER_NONNULL = YES;
				CLANG_ANALYZER_NUMBER_OBJECT_CONVERSION = YES_AGGRESSIVE;
				CLANG_CXX_LANGUAGE_STANDARD = "gnu++14";
				CLANG_CXX_LIBRARY = "libc++";
				CLANG_ENABLE_MODULES = YES;
				CLANG_ENABLE_OBJC_ARC = YES;
				CLANG_ENABLE_OBJC_WEAK = YES;
				CLANG_WARN_BLOCK_CAPTURE_AUTORELEASING = YES;
				CLANG_WARN_BOOL_CONVERSION = YES;
				CLANG_WARN_COMMA = YES;
				CLANG_WARN_CONSTANT_CONVERSION = YES;
				CLANG_WARN_DEPRECATED_OBJC_IMPLEMENTATIONS = YES;
				CLANG_WARN_DIRECT_OBJC_ISA_USAGE = YES_ERROR;
				CLANG_WARN_DOCUMENTATION_COMMENTS = YES;
				CLANG_WARN_EMPTY_BODY = YES;
				CLANG_WARN_ENUM_CONVERSION = YES;
				CLANG_WARN_INFINITE_RECURSION = YES;
				CLANG_WARN_INT_CONVERSION = YES;
				CLANG_WARN_NON_LITERAL_NULL_CONVERSION = YES;
				CLANG_WARN_OBJC_IMPLICIT_RETAIN_SELF = YES;
				CLANG_WARN_OBJC_LITERAL_CONVERSION = YES;
				CLANG_WARN_OBJC_ROOT_CLASS = YES_ERROR;
				CLANG_WARN_QUOTED_INCLUDE_IN_FRAMEWORK_HEADER = YES;
				CLANG_WARN_RANGE_LOOP_ANALYSIS = YES;
				CLANG_WARN_STRICT_PROTOTYPES = YES;
				CLANG_WARN_SUSPICIOUS_MOVE = YES;
				CLANG_WARN_UNGUARDED_AVAILABILITY = YES_AGGRESSIVE;
				CLANG_WARN_UNREACHABLE_CODE = YES;
				CLANG_WARN__DUPLICATE_METHOD_MATCH = YES;
				COPY_PHASE_STRIP = NO;
				DEBUG_INFORMATION_FORMAT = "dwarf-with-dsym";
				ENABLE_NS_ASSERTIONS = NO;
				ENABLE_STRICT_OBJC_MSGSEND = YES;
				GCC_C_LANGUAGE_STANDARD = gnu11;
				GCC_NO_COMMON_BLOCKS = YES;
				GCC_WARN_64_TO_32_BIT_CONVERSION = YES;
				GCC_WARN_ABOUT_RETURN_TYPE = YES_ERROR;
				GCC_WARN_UNDECLARED_SELECTOR = YES;
				GCC_WARN_UNINITIALIZED_AUTOS = YES_AGGRESSIVE;
				GCC_WARN_UNUSED_FUNCTION = YES;
				GCC_WARN_UNUSED_VARIABLE = YES;
				IPHONEOS_DEPLOYMENT_TARGET = 14.5;
				MTL_ENABLE_DEBUG_INFO = NO;
				MTL_FAST_MATH = YES;
				SDKROOT = iphoneos;
				SWIFT_COMPILATION_MODE = wholemodule;
				SWIFT_OPTIMIZATION_LEVEL = "-O";
				VALIDATE_PRODUCT = YES;
			};
			name = Release;
		};
		2AFAE17927B665D400D74495 /* Debug */ = {
			isa = XCBuildConfiguration;
			baseConfigurationReference = B7EDFCB98BC3C5FA6F7EF733 /* Pods-CustomPC.debug.xcconfig */;
			buildSettings = {
				ASSETCATALOG_COMPILER_APPICON_NAME = AppIcon;
				ASSETCATALOG_COMPILER_GLOBAL_ACCENT_COLOR_NAME = AccentColor;
				CODE_SIGN_STYLE = Automatic;
				DEVELOPMENT_TEAM = U5Z5BHBQ25;
				INFOPLIST_FILE = CustomPC/Info.plist;
				LD_RUNPATH_SEARCH_PATHS = (
					"$(inherited)",
					"@executable_path/Frameworks",
				);
				PRODUCT_BUNDLE_IDENTIFIER = CustomPC;
				PRODUCT_NAME = "$(TARGET_NAME)";
				SWIFT_VERSION = 5.0;
				TARGETED_DEVICE_FAMILY = "1,2";
			};
			name = Debug;
		};
		2AFAE17A27B665D400D74495 /* Release */ = {
			isa = XCBuildConfiguration;
			baseConfigurationReference = D0D1A3F0A574C2F0B30BDBFF /* Pods-CustomPC.release.xcconfig */;
			buildSettings = {
				ASSETCATALOG_COMPILER_APPICON_NAME = AppIcon;
				ASSETCATALOG_COMPILER_GLOBAL_ACCENT_COLOR_NAME = AccentColor;
				CODE_SIGN_STYLE = Automatic;
				DEVELOPMENT_TEAM = U5Z5BHBQ25;
				INFOPLIST_FILE = CustomPC/Info.plist;
				LD_RUNPATH_SEARCH_PATHS = (
					"$(inherited)",
					"@executable_path/Frameworks",
				);
				PRODUCT_BUNDLE_IDENTIFIER = CustomPC;
				PRODUCT_NAME = "$(TARGET_NAME)";
				SWIFT_VERSION = 5.0;
				TARGETED_DEVICE_FAMILY = "1,2";
			};
			name = Release;
		};
		2AFAE17C27B665D400D74495 /* Debug */ = {
			isa = XCBuildConfiguration;
			baseConfigurationReference = 8ADFA820151DC7223515A414 /* Pods-CustomPCTests.debug.xcconfig */;
			buildSettings = {
				ALWAYS_EMBED_SWIFT_STANDARD_LIBRARIES = YES;
				BUNDLE_LOADER = "$(TEST_HOST)";
				CODE_SIGN_STYLE = Automatic;
				DEVELOPMENT_TEAM = U5Z5BHBQ25;
				INFOPLIST_FILE = CustomPCTests/Info.plist;
				IPHONEOS_DEPLOYMENT_TARGET = 14.5;
				LD_RUNPATH_SEARCH_PATHS = (
					"$(inherited)",
					"@executable_path/Frameworks",
					"@loader_path/Frameworks",
				);
				PRODUCT_BUNDLE_IDENTIFIER = com.appdeveloper.CustomPCTests;
				PRODUCT_NAME = "$(TARGET_NAME)";
				SWIFT_VERSION = 5.0;
				TARGETED_DEVICE_FAMILY = "1,2";
				TEST_HOST = "$(BUILT_PRODUCTS_DIR)/CustomPC.app/CustomPC";
			};
			name = Debug;
		};
		2AFAE17D27B665D400D74495 /* Release */ = {
			isa = XCBuildConfiguration;
			baseConfigurationReference = B72A07F6CFC7484263F84E74 /* Pods-CustomPCTests.release.xcconfig */;
			buildSettings = {
				ALWAYS_EMBED_SWIFT_STANDARD_LIBRARIES = YES;
				BUNDLE_LOADER = "$(TEST_HOST)";
				CODE_SIGN_STYLE = Automatic;
				DEVELOPMENT_TEAM = U5Z5BHBQ25;
				INFOPLIST_FILE = CustomPCTests/Info.plist;
				IPHONEOS_DEPLOYMENT_TARGET = 14.5;
				LD_RUNPATH_SEARCH_PATHS = (
					"$(inherited)",
					"@executable_path/Frameworks",
					"@loader_path/Frameworks",
				);
				PRODUCT_BUNDLE_IDENTIFIER = com.appdeveloper.CustomPCTests;
				PRODUCT_NAME = "$(TARGET_NAME)";
				SWIFT_VERSION = 5.0;
				TARGETED_DEVICE_FAMILY = "1,2";
				TEST_HOST = "$(BUILT_PRODUCTS_DIR)/CustomPC.app/CustomPC";
			};
			name = Release;
		};
		2AFAE17F27B665D400D74495 /* Debug */ = {
			isa = XCBuildConfiguration;
			baseConfigurationReference = DB6515AF84A23A56238BEF4B /* Pods-CustomPC-CustomPCUITests.debug.xcconfig */;
			buildSettings = {
				ALWAYS_EMBED_SWIFT_STANDARD_LIBRARIES = YES;
				CODE_SIGN_STYLE = Automatic;
				DEVELOPMENT_TEAM = U5Z5BHBQ25;
				INFOPLIST_FILE = CustomPCUITests/Info.plist;
				LD_RUNPATH_SEARCH_PATHS = (
					"$(inherited)",
					"@executable_path/Frameworks",
					"@loader_path/Frameworks",
				);
				PRODUCT_BUNDLE_IDENTIFIER = com.appdeveloper.CustomPCUITests;
				PRODUCT_NAME = "$(TARGET_NAME)";
				SWIFT_VERSION = 5.0;
				TARGETED_DEVICE_FAMILY = "1,2";
				TEST_TARGET_NAME = CustomPC;
			};
			name = Debug;
		};
		2AFAE18027B665D400D74495 /* Release */ = {
			isa = XCBuildConfiguration;
			baseConfigurationReference = 26170C6A563D0A357B414DE6 /* Pods-CustomPC-CustomPCUITests.release.xcconfig */;
			buildSettings = {
				ALWAYS_EMBED_SWIFT_STANDARD_LIBRARIES = YES;
				CODE_SIGN_STYLE = Automatic;
				DEVELOPMENT_TEAM = U5Z5BHBQ25;
				INFOPLIST_FILE = CustomPCUITests/Info.plist;
				LD_RUNPATH_SEARCH_PATHS = (
					"$(inherited)",
					"@executable_path/Frameworks",
					"@loader_path/Frameworks",
				);
				PRODUCT_BUNDLE_IDENTIFIER = com.appdeveloper.CustomPCUITests;
				PRODUCT_NAME = "$(TARGET_NAME)";
				SWIFT_VERSION = 5.0;
				TARGETED_DEVICE_FAMILY = "1,2";
				TEST_TARGET_NAME = CustomPC;
			};
			name = Release;
		};
/* End XCBuildConfiguration section */

/* Begin XCConfigurationList section */
		2AFAE14627B665D300D74495 /* Build configuration list for PBXProject "CustomPC" */ = {
			isa = XCConfigurationList;
			buildConfigurations = (
				2AFAE17627B665D400D74495 /* Debug */,
				2AFAE17727B665D400D74495 /* Release */,
			);
			defaultConfigurationIsVisible = 0;
			defaultConfigurationName = Release;
		};
		2AFAE17827B665D400D74495 /* Build configuration list for PBXNativeTarget "CustomPC" */ = {
			isa = XCConfigurationList;
			buildConfigurations = (
				2AFAE17927B665D400D74495 /* Debug */,
				2AFAE17A27B665D400D74495 /* Release */,
			);
			defaultConfigurationIsVisible = 0;
			defaultConfigurationName = Release;
		};
		2AFAE17B27B665D400D74495 /* Build configuration list for PBXNativeTarget "CustomPCTests" */ = {
			isa = XCConfigurationList;
			buildConfigurations = (
				2AFAE17C27B665D400D74495 /* Debug */,
				2AFAE17D27B665D400D74495 /* Release */,
			);
			defaultConfigurationIsVisible = 0;
			defaultConfigurationName = Release;
		};
		2AFAE17E27B665D400D74495 /* Build configuration list for PBXNativeTarget "CustomPCUITests" */ = {
			isa = XCConfigurationList;
			buildConfigurations = (
				2AFAE17F27B665D400D74495 /* Debug */,
				2AFAE18027B665D400D74495 /* Release */,
			);
			defaultConfigurationIsVisible = 0;
			defaultConfigurationName = Release;
		};
/* End XCConfigurationList section */

/* Begin XCVersionGroup section */
		2AFAE15727B665D300D74495 /* CustomPC.xcdatamodeld */ = {
			isa = XCVersionGroup;
			children = (
				2AFAE15827B665D300D74495 /* CustomPC.xcdatamodel */,
			);
			currentVersion = 2AFAE15827B665D300D74495 /* CustomPC.xcdatamodel */;
			path = CustomPC.xcdatamodeld;
			sourceTree = "<group>";
			versionGroupType = wrapper.xcdatamodel;
		};
/* End XCVersionGroup section */
	};
	rootObject = 2AFAE14327B665D300D74495 /* Project object */;
}
