// !$*UTF8*$!
{
	archiveVersion = 1;
	classes = {
	};
	objectVersion = 50;
	objects = {

/* Begin PBXBuildFile section */
		2AFAE14F27B665D300D74495 /* AppDelegate.swift in Sources */ = {isa = PBXBuildFile; fileRef = 2AFAE14E27B665D300D74495 /* AppDelegate.swift */; };
		2AFAE15127B665D300D74495 /* SceneDelegate.swift in Sources */ = {isa = PBXBuildFile; fileRef = 2AFAE15027B665D300D74495 /* SceneDelegate.swift */; };
		2AFAE15327B665D300D74495 /* ViewController.swift in Sources */ = {isa = PBXBuildFile; fileRef = 2AFAE15227B665D300D74495 /* ViewController.swift */; };
		2AFAE15627B665D300D74495 /* Main.storyboard in Resources */ = {isa = PBXBuildFile; fileRef = 2AFAE15427B665D300D74495 /* Main.storyboard */; };
		2AFAE15927B665D300D74495 /* CustomPC.xcdatamodeld in Sources */ = {isa = PBXBuildFile; fileRef = 2AFAE15727B665D300D74495 /* CustomPC.xcdatamodeld */; };
		2AFAE15B27B665D400D74495 /* Assets.xcassets in Resources */ = {isa = PBXBuildFile; fileRef = 2AFAE15A27B665D400D74495 /* Assets.xcassets */; };
		2AFAE15E27B665D400D74495 /* LaunchScreen.storyboard in Resources */ = {isa = PBXBuildFile; fileRef = 2AFAE15C27B665D400D74495 /* LaunchScreen.storyboard */; };
		2AFAE16927B665D400D74495 /* CustomPCTests.swift in Sources */ = {isa = PBXBuildFile; fileRef = 2AFAE16827B665D400D74495 /* CustomPCTests.swift */; };
		2AFAE17427B665D400D74495 /* CustomPCUITests.swift in Sources */ = {isa = PBXBuildFile; fileRef = 2AFAE17327B665D400D74495 /* CustomPCUITests.swift */; };
/* End PBXBuildFile section */

/* Begin PBXContainerItemProxy section */
		2AFAE16527B665D400D74495 /* PBXContainerItemProxy */ = {
			isa = PBXContainerItemProxy;
			containerPortal = 2AFAE14327B665D300D74495 /* Project object */;
			proxyType = 1;
			remoteGlobalIDString = 2AFAE14A27B665D300D74495;
			remoteInfo = CustomPC;
		};
		2AFAE17027B665D400D74495 /* PBXContainerItemProxy */ = {
			isa = PBXContainerItemProxy;
			containerPortal = 2AFAE14327B665D300D74495 /* Project object */;
			proxyType = 1;
			remoteGlobalIDString = 2AFAE14A27B665D300D74495;
			remoteInfo = CustomPC;
		};
/* End PBXContainerItemProxy section */

/* Begin PBXFileReference section */
		2AFAE14B27B665D300D74495 /* CustomPC.app */ = {isa = PBXFileReference; explicitFileType = wrapper.application; includeInIndex = 0; path = CustomPC.app; sourceTree = BUILT_PRODUCTS_DIR; };
		2AFAE14E27B665D300D74495 /* AppDelegate.swift */ = {isa = PBXFileReference; lastKnownFileType = sourcecode.swift; path = AppDelegate.swift; sourceTree = "<group>"; };
		2AFAE15027B665D300D74495 /* SceneDelegate.swift */ = {isa = PBXFileReference; lastKnownFileType = sourcecode.swift; path = SceneDelegate.swift; sourceTree = "<group>"; };
		2AFAE15227B665D300D74495 /* ViewController.swift */ = {isa = PBXFileReference; lastKnownFileType = sourcecode.swift; path = ViewController.swift; sourceTree = "<group>"; };
		2AFAE15527B665D300D74495 /* Base */ = {isa = PBXFileReference; lastKnownFileType = file.storyboard; name = Base; path = Base.lproj/Main.storyboard; sourceTree = "<group>"; };
		2AFAE15827B665D300D74495 /* CustomPC.xcdatamodel */ = {isa = PBXFileReference; lastKnownFileType = wrapper.xcdatamodel; path = CustomPC.xcdatamodel; sourceTree = "<group>"; };
		2AFAE15A27B665D400D74495 /* Assets.xcassets */ = {isa = PBXFileReference; lastKnownFileType = folder.assetcatalog; path = Assets.xcassets; sourceTree = "<group>"; };
		2AFAE15D27B665D400D74495 /* Base */ = {isa = PBXFileReference; lastKnownFileType = file.storyboard; name = Base; path = Base.lproj/LaunchScreen.storyboard; sourceTree = "<group>"; };
		2AFAE15F27B665D400D74495 /* Info.plist */ = {isa = PBXFileReference; lastKnownFileType = text.plist.xml; path = Info.plist; sourceTree = "<group>"; };
		2AFAE16427B665D400D74495 /* CustomPCTests.xctest */ = {isa = PBXFileReference; explicitFileType = wrapper.cfbundle; includeInIndex = 0; path = CustomPCTests.xctest; sourceTree = BUILT_PRODUCTS_DIR; };
		2AFAE16827B665D400D74495 /* CustomPCTests.swift */ = {isa = PBXFileReference; lastKnownFileType = sourcecode.swift; path = CustomPCTests.swift; sourceTree = "<group>"; };
		2AFAE16A27B665D400D74495 /* Info.plist */ = {isa = PBXFileReference; lastKnownFileType = text.plist.xml; path = Info.plist; sourceTree = "<group>"; };
		2AFAE16F27B665D400D74495 /* CustomPCUITests.xctest */ = {isa = PBXFileReference; explicitFileType = wrapper.cfbundle; includeInIndex = 0; path = CustomPCUITests.xctest; sourceTree = BUILT_PRODUCTS_DIR; };
		2AFAE17327B665D400D74495 /* CustomPCUITests.swift */ = {isa = PBXFileReference; lastKnownFileType = sourcecode.swift; path = CustomPCUITests.swift; sourceTree = "<group>"; };
		2AFAE17527B665D400D74495 /* Info.plist */ = {isa = PBXFileReference; lastKnownFileType = text.plist.xml; path = Info.plist; sourceTree = "<group>"; };
/* End PBXFileReference section */

/* Begin PBXFrameworksBuildPhase section */
		2AFAE14827B665D300D74495 /* Frameworks */ = {
			isa = PBXFrameworksBuildPhase;
			buildActionMask = 2147483647;
			files = (
			);
			runOnlyForDeploymentPostprocessing = 0;
		};
		2AFAE16127B665D400D74495 /* Frameworks */ = {
			isa = PBXFrameworksBuildPhase;
			buildActionMask = 2147483647;
			files = (
			);
			runOnlyForDeploymentPostprocessing = 0;
		};
		2AFAE16C27B665D400D74495 /* Frameworks */ = {
			isa = PBXFrameworksBuildPhase;
			buildActionMask = 2147483647;
			files = (
			);
			runOnlyForDeploymentPostprocessing = 0;
		};
/* End PBXFrameworksBuildPhase section */

/* Begin PBXGroup section */
		2AFAE14227B665D300D74495 = {
			isa = PBXGroup;
			children = (
				2AFAE14D27B665D300D74495 /* CustomPC */,
				2AFAE16727B665D400D74495 /* CustomPCTests */,
				2AFAE17227B665D400D74495 /* CustomPCUITests */,
				2AFAE14C27B665D300D74495 /* Products */,
			);
			sourceTree = "<group>";
		};
		2AFAE14C27B665D300D74495 /* Products */ = {
			isa = PBXGroup;
			children = (
				2AFAE14B27B665D300D74495 /* CustomPC.app */,
				2AFAE16427B665D400D74495 /* CustomPCTests.xctest */,
				2AFAE16F27B665D400D74495 /* CustomPCUITests.xctest */,
			);
			name = Products;
			sourceTree = "<group>";
		};
		2AFAE14D27B665D300D74495 /* CustomPC */ = {
			isa = PBXGroup;
			children = (
				2AFAE14E27B665D300D74495 /* AppDelegate.swift */,
				2AFAE15027B665D300D74495 /* SceneDelegate.swift */,
				2AFAE15227B665D300D74495 /* ViewController.swift */,
				2AFAE15427B665D300D74495 /* Main.storyboard */,
				2AFAE15A27B665D400D74495 /* Assets.xcassets */,
				2AFAE15C27B665D400D74495 /* LaunchScreen.storyboard */,
				2AFAE15F27B665D400D74495 /* Info.plist */,
				2AFAE15727B665D300D74495 /* CustomPC.xcdatamodeld */,
			);
			path = CustomPC;
			sourceTree = "<group>";
		};
		2AFAE16727B665D400D74495 /* CustomPCTests */ = {
			isa = PBXGroup;
			children = (
				2AFAE16827B665D400D74495 /* CustomPCTests.swift */,
				2AFAE16A27B665D400D74495 /* Info.plist */,
			);
			path = CustomPCTests;
			sourceTree = "<group>";
		};
		2AFAE17227B665D400D74495 /* CustomPCUITests */ = {
			isa = PBXGroup;
			children = (
				2AFAE17327B665D400D74495 /* CustomPCUITests.swift */,
				2AFAE17527B665D400D74495 /* Info.plist */,
			);
			path = CustomPCUITests;
			sourceTree = "<group>";
		};
/* End PBXGroup section */

/* Begin PBXNativeTarget section */
		2AFAE14A27B665D300D74495 /* CustomPC */ = {
			isa = PBXNativeTarget;
			buildConfigurationList = 2AFAE17827B665D400D74495 /* Build configuration list for PBXNativeTarget "CustomPC" */;
			buildPhases = (
				2AFAE14727B665D300D74495 /* Sources */,
				2AFAE14827B665D300D74495 /* Frameworks */,
				2AFAE14927B665D300D74495 /* Resources */,
			);
			buildRules = (
			);
			dependencies = (
			);
			name = CustomPC;
			productName = CustomPC;
			productReference = 2AFAE14B27B665D300D74495 /* CustomPC.app */;
			productType = "com.apple.product-type.application";
		};
		2AFAE16327B665D400D74495 /* CustomPCTests */ = {
			isa = PBXNativeTarget;
			buildConfigurationList = 2AFAE17B27B665D400D74495 /* Build configuration list for PBXNativeTarget "CustomPCTests" */;
			buildPhases = (
				2AFAE16027B665D400D74495 /* Sources */,
				2AFAE16127B665D400D74495 /* Frameworks */,
				2AFAE16227B665D400D74495 /* Resources */,
			);
			buildRules = (
			);
			dependencies = (
				2AFAE16627B665D400D74495 /* PBXTargetDependency */,
			);
			name = CustomPCTests;
			productName = CustomPCTests;
			productReference = 2AFAE16427B665D400D74495 /* CustomPCTests.xctest */;
			productType = "com.apple.product-type.bundle.unit-test";
		};
		2AFAE16E27B665D400D74495 /* CustomPCUITests */ = {
			isa = PBXNativeTarget;
			buildConfigurationList = 2AFAE17E27B665D400D74495 /* Build configuration list for PBXNativeTarget "CustomPCUITests" */;
			buildPhases = (
				2AFAE16B27B665D400D74495 /* Sources */,
				2AFAE16C27B665D400D74495 /* Frameworks */,
				2AFAE16D27B665D400D74495 /* Resources */,
			);
			buildRules = (
			);
			dependencies = (
				2AFAE17127B665D400D74495 /* PBXTargetDependency */,
			);
			name = CustomPCUITests;
			productName = CustomPCUITests;
			productReference = 2AFAE16F27B665D400D74495 /* CustomPCUITests.xctest */;
			productType = "com.apple.product-type.bundle.ui-testing";
		};
/* End PBXNativeTarget section */

/* Begin PBXProject section */
		2AFAE14327B665D300D74495 /* Project object */ = {
			isa = PBXProject;
			attributes = {
				LastSwiftUpdateCheck = 1250;
				LastUpgradeCheck = 1250;
				TargetAttributes = {
					2AFAE14A27B665D300D74495 = {
						CreatedOnToolsVersion = 12.5;
					};
					2AFAE16327B665D400D74495 = {
						CreatedOnToolsVersion = 12.5;
						TestTargetID = 2AFAE14A27B665D300D74495;
					};
					2AFAE16E27B665D400D74495 = {
						CreatedOnToolsVersion = 12.5;
						TestTargetID = 2AFAE14A27B665D300D74495;
					};
				};
			};
			buildConfigurationList = 2AFAE14627B665D300D74495 /* Build configuration list for PBXProject "CustomPC" */;
			compatibilityVersion = "Xcode 9.3";
			developmentRegion = en;
			hasScannedForEncodings = 0;
			knownRegions = (
				en,
				Base,
			);
			mainGroup = 2AFAE14227B665D300D74495;
			productRefGroup = 2AFAE14C27B665D300D74495 /* Products */;
			projectDirPath = "";
			projectRoot = "";
			targets = (
				2AFAE14A27B665D300D74495 /* CustomPC */,
				2AFAE16327B665D400D74495 /* CustomPCTests */,
				2AFAE16E27B665D400D74495 /* CustomPCUITests */,
			);
		};
/* End PBXProject section */

/* Begin PBXResourcesBuildPhase section */
		2AFAE14927B665D300D74495 /* Resources */ = {
			isa = PBXResourcesBuildPhase;
			buildActionMask = 2147483647;
			files = (
				2AFAE15E27B665D400D74495 /* LaunchScreen.storyboard in Resources */,
				2AFAE15B27B665D400D74495 /* Assets.xcassets in Resources */,
				2AFAE15627B665D300D74495 /* Main.storyboard in Resources */,
			);
			runOnlyForDeploymentPostprocessing = 0;
		};
		2AFAE16227B665D400D74495 /* Resources */ = {
			isa = PBXResourcesBuildPhase;
			buildActionMask = 2147483647;
			files = (
			);
			runOnlyForDeploymentPostprocessing = 0;
		};
		2AFAE16D27B665D400D74495 /* Resources */ = {
			isa = PBXResourcesBuildPhase;
			buildActionMask = 2147483647;
			files = (
			);
			runOnlyForDeploymentPostprocessing = 0;
		};
/* End PBXResourcesBuildPhase section */

/* Begin PBXSourcesBuildPhase section */
		2AFAE14727B665D300D74495 /* Sources */ = {
			isa = PBXSourcesBuildPhase;
			buildActionMask = 2147483647;
			files = (
				2AFAE15327B665D300D74495 /* ViewController.swift in Sources */,
				2AFAE14F27B665D300D74495 /* AppDelegate.swift in Sources */,
				2AFAE15127B665D300D74495 /* SceneDelegate.swift in Sources */,
				2AFAE15927B665D300D74495 /* CustomPC.xcdatamodeld in Sources */,
			);
			runOnlyForDeploymentPostprocessing = 0;
		};
		2AFAE16027B665D400D74495 /* Sources */ = {
			isa = PBXSourcesBuildPhase;
			buildActionMask = 2147483647;
			files = (
				2AFAE16927B665D400D74495 /* CustomPCTests.swift in Sources */,
			);
			runOnlyForDeploymentPostprocessing = 0;
		};
		2AFAE16B27B665D400D74495 /* Sources */ = {
			isa = PBXSourcesBuildPhase;
			buildActionMask = 2147483647;
			files = (
				2AFAE17427B665D400D74495 /* CustomPCUITests.swift in Sources */,
			);
			runOnlyForDeploymentPostprocessing = 0;
		};
/* End PBXSourcesBuildPhase section */

/* Begin PBXTargetDependency section */
		2AFAE16627B665D400D74495 /* PBXTargetDependency */ = {
			isa = PBXTargetDependency;
			target = 2AFAE14A27B665D300D74495 /* CustomPC */;
			targetProxy = 2AFAE16527B665D400D74495 /* PBXContainerItemProxy */;
		};
		2AFAE17127B665D400D74495 /* PBXTargetDependency */ = {
			isa = PBXTargetDependency;
			target = 2AFAE14A27B665D300D74495 /* CustomPC */;
			targetProxy = 2AFAE17027B665D400D74495 /* PBXContainerItemProxy */;
		};
/* End PBXTargetDependency section */

/* Begin PBXVariantGroup section */
		2AFAE15427B665D300D74495 /* Main.storyboard */ = {
			isa = PBXVariantGroup;
			children = (
				2AFAE15527B665D300D74495 /* Base */,
			);
			name = Main.storyboard;
			sourceTree = "<group>";
		};
		2AFAE15C27B665D400D74495 /* LaunchScreen.storyboard */ = {
			isa = PBXVariantGroup;
			children = (
				2AFAE15D27B665D400D74495 /* Base */,
			);
			name = LaunchScreen.storyboard;
			sourceTree = "<group>";
		};
/* End PBXVariantGroup section */

/* Begin XCBuildConfiguration section */
		2AFAE17627B665D400D74495 /* Debug */ = {
			isa = XCBuildConfiguration;
			buildSettings = {
				ALWAYS_SEARCH_USER_PATHS = NO;
				CLANG_ANALYZER_NONNULL = YES;
				CLANG_ANALYZER_NUMBER_OBJECT_CONVERSION = YES_AGGRESSIVE;
				CLANG_CXX_LANGUAGE_STANDARD = "gnu++14";
				CLANG_CXX_LIBRARY = "libc++";
				CLANG_ENABLE_MODULES = YES;
				CLANG_ENABLE_OBJC_ARC = YES;
				CLANG_ENABLE_OBJC_WEAK = YES;
				CLANG_WARN_BLOCK_CAPTURE_AUTORELEASING = YES;
				CLANG_WARN_BOOL_CONVERSION = YES;
				CLANG_WARN_COMMA = YES;
				CLANG_WARN_CONSTANT_CONVERSION = YES;
				CLANG_WARN_DEPRECATED_OBJC_IMPLEMENTATIONS = YES;
				CLANG_WARN_DIRECT_OBJC_ISA_USAGE = YES_ERROR;
				CLANG_WARN_DOCUMENTATION_COMMENTS = YES;
				CLANG_WARN_EMPTY_BODY = YES;
				CLANG_WARN_ENUM_CONVERSION = YES;
				CLANG_WARN_INFINITE_RECURSION = YES;
				CLANG_WARN_INT_CONVERSION = YES;
				CLANG_WARN_NON_LITERAL_NULL_CONVERSION = YES;
				CLANG_WARN_OBJC_IMPLICIT_RETAIN_SELF = YES;
				CLANG_WARN_OBJC_LITERAL_CONVERSION = YES;
				CLANG_WARN_OBJC_ROOT_CLASS = YES_ERROR;
				CLANG_WARN_QUOTED_INCLUDE_IN_FRAMEWORK_HEADER = YES;
				CLANG_WARN_RANGE_LOOP_ANALYSIS = YES;
				CLANG_WARN_STRICT_PROTOTYPES = YES;
				CLANG_WARN_SUSPICIOUS_MOVE = YES;
				CLANG_WARN_UNGUARDED_AVAILABILITY = YES_AGGRESSIVE;
				CLANG_WARN_UNREACHABLE_CODE = YES;
				CLANG_WARN__DUPLICATE_METHOD_MATCH = YES;
				COPY_PHASE_STRIP = NO;
				DEBUG_INFORMATION_FORMAT = dwarf;
				ENABLE_STRICT_OBJC_MSGSEND = YES;
				ENABLE_TESTABILITY = YES;
				GCC_C_LANGUAGE_STANDARD = gnu11;
				GCC_DYNAMIC_NO_PIC = NO;
				GCC_NO_COMMON_BLOCKS = YES;
				GCC_OPTIMIZATION_LEVEL = 0;
				GCC_PREPROCESSOR_DEFINITIONS = (
					"DEBUG=1",
					"$(inherited)",
				);
				GCC_WARN_64_TO_32_BIT_CONVERSION = YES;
				GCC_WARN_ABOUT_RETURN_TYPE = YES_ERROR;
				GCC_WARN_UNDECLARED_SELECTOR = YES;
				GCC_WARN_UNINITIALIZED_AUTOS = YES_AGGRESSIVE;
				GCC_WARN_UNUSED_FUNCTION = YES;
				GCC_WARN_UNUSED_VARIABLE = YES;
				IPHONEOS_DEPLOYMENT_TARGET = 14.5;
				MTL_ENABLE_DEBUG_INFO = INCLUDE_SOURCE;
				MTL_FAST_MATH = YES;
				ONLY_ACTIVE_ARCH = YES;
				SDKROOT = iphoneos;
				SWIFT_ACTIVE_COMPILATION_CONDITIONS = DEBUG;
				SWIFT_OPTIMIZATION_LEVEL = "-Onone";
			};
			name = Debug;
		};
		2AFAE17727B665D400D74495 /* Release */ = {
			isa = XCBuildConfiguration;
			buildSettings = {
				ALWAYS_SEARCH_USER_PATHS = NO;
				CLANG_ANALYZER_NONNULL = YES;
				CLANG_ANALYZER_NUMBER_OBJECT_CONVERSION = YES_AGGRESSIVE;
				CLANG_CXX_LANGUAGE_STANDARD = "gnu++14";
				CLANG_CXX_LIBRARY = "libc++";
				CLANG_ENABLE_MODULES = YES;
				CLANG_ENABLE_OBJC_ARC = YES;
				CLANG_ENABLE_OBJC_WEAK = YES;
				CLANG_WARN_BLOCK_CAPTURE_AUTORELEASING = YES;
				CLANG_WARN_BOOL_CONVERSION = YES;
				CLANG_WARN_COMMA = YES;
				CLANG_WARN_CONSTANT_CONVERSION = YES;
				CLANG_WARN_DEPRECATED_OBJC_IMPLEMENTATIONS = YES;
				CLANG_WARN_DIRECT_OBJC_ISA_USAGE = YES_ERROR;
				CLANG_WARN_DOCUMENTATION_COMMENTS = YES;
				CLANG_WARN_EMPTY_BODY = YES;
				CLANG_WARN_ENUM_CONVERSION = YES;
				CLANG_WARN_INFINITE_RECURSION = YES;
				CLANG_WARN_INT_CONVERSION = YES;
				CLANG_WARN_NON_LITERAL_NULL_CONVERSION = YES;
				CLANG_WARN_OBJC_IMPLICIT_RETAIN_SELF = YES;
				CLANG_WARN_OBJC_LITERAL_CONVERSION = YES;
				CLANG_WARN_OBJC_ROOT_CLASS = YES_ERROR;
				CLANG_WARN_QUOTED_INCLUDE_IN_FRAMEWORK_HEADER = YES;
				CLANG_WARN_RANGE_LOOP_ANALYSIS = YES;
				CLANG_WARN_STRICT_PROTOTYPES = YES;
				CLANG_WARN_SUSPICIOUS_MOVE = YES;
				CLANG_WARN_UNGUARDED_AVAILABILITY = YES_AGGRESSIVE;
				CLANG_WARN_UNREACHABLE_CODE = YES;
				CLANG_WARN__DUPLICATE_METHOD_MATCH = YES;
				COPY_PHASE_STRIP = NO;
				DEBUG_INFORMATION_FORMAT = "dwarf-with-dsym";
				ENABLE_NS_ASSERTIONS = NO;
				ENABLE_STRICT_OBJC_MSGSEND = YES;
				GCC_C_LANGUAGE_STANDARD = gnu11;
				GCC_NO_COMMON_BLOCKS = YES;
				GCC_WARN_64_TO_32_BIT_CONVERSION = YES;
				GCC_WARN_ABOUT_RETURN_TYPE = YES_ERROR;
				GCC_WARN_UNDECLARED_SELECTOR = YES;
				GCC_WARN_UNINITIALIZED_AUTOS = YES_AGGRESSIVE;
				GCC_WARN_UNUSED_FUNCTION = YES;
				GCC_WARN_UNUSED_VARIABLE = YES;
				IPHONEOS_DEPLOYMENT_TARGET = 14.5;
				MTL_ENABLE_DEBUG_INFO = NO;
				MTL_FAST_MATH = YES;
				SDKROOT = iphoneos;
				SWIFT_COMPILATION_MODE = wholemodule;
				SWIFT_OPTIMIZATION_LEVEL = "-O";
				VALIDATE_PRODUCT = YES;
			};
			name = Release;
		};
		2AFAE17927B665D400D74495 /* Debug */ = {
			isa = XCBuildConfiguration;
			buildSettings = {
				ASSETCATALOG_COMPILER_APPICON_NAME = AppIcon;
				ASSETCATALOG_COMPILER_GLOBAL_ACCENT_COLOR_NAME = AccentColor;
				CODE_SIGN_STYLE = Automatic;
				DEVELOPMENT_TEAM = U5Z5BHBQ25;
				INFOPLIST_FILE = CustomPC/Info.plist;
				LD_RUNPATH_SEARCH_PATHS = (
					"$(inherited)",
					"@executable_path/Frameworks",
				);
				PRODUCT_BUNDLE_IDENTIFIER = com.appdeveloper.CustomPC;
				PRODUCT_NAME = "$(TARGET_NAME)";
				SWIFT_VERSION = 5.0;
				TARGETED_DEVICE_FAMILY = "1,2";
			};
			name = Debug;
		};
		2AFAE17A27B665D400D74495 /* Release */ = {
			isa = XCBuildConfiguration;
			buildSettings = {
				ASSETCATALOG_COMPILER_APPICON_NAME = AppIcon;
				ASSETCATALOG_COMPILER_GLOBAL_ACCENT_COLOR_NAME = AccentColor;
				CODE_SIGN_STYLE = Automatic;
				DEVELOPMENT_TEAM = U5Z5BHBQ25;
				INFOPLIST_FILE = CustomPC/Info.plist;
				LD_RUNPATH_SEARCH_PATHS = (
					"$(inherited)",
					"@executable_path/Frameworks",
				);
				PRODUCT_BUNDLE_IDENTIFIER = com.appdeveloper.CustomPC;
				PRODUCT_NAME = "$(TARGET_NAME)";
				SWIFT_VERSION = 5.0;
				TARGETED_DEVICE_FAMILY = "1,2";
			};
			name = Release;
		};
		2AFAE17C27B665D400D74495 /* Debug */ = {
			isa = XCBuildConfiguration;
			buildSettings = {
				ALWAYS_EMBED_SWIFT_STANDARD_LIBRARIES = YES;
				BUNDLE_LOADER = "$(TEST_HOST)";
				CODE_SIGN_STYLE = Automatic;
				DEVELOPMENT_TEAM = U5Z5BHBQ25;
				INFOPLIST_FILE = CustomPCTests/Info.plist;
				IPHONEOS_DEPLOYMENT_TARGET = 14.5;
				LD_RUNPATH_SEARCH_PATHS = (
					"$(inherited)",
					"@executable_path/Frameworks",
					"@loader_path/Frameworks",
				);
				PRODUCT_BUNDLE_IDENTIFIER = com.appdeveloper.CustomPCTests;
				PRODUCT_NAME = "$(TARGET_NAME)";
				SWIFT_VERSION = 5.0;
				TARGETED_DEVICE_FAMILY = "1,2";
				TEST_HOST = "$(BUILT_PRODUCTS_DIR)/CustomPC.app/CustomPC";
			};
			name = Debug;
		};
		2AFAE17D27B665D400D74495 /* Release */ = {
			isa = XCBuildConfiguration;
			buildSettings = {
				ALWAYS_EMBED_SWIFT_STANDARD_LIBRARIES = YES;
				BUNDLE_LOADER = "$(TEST_HOST)";
				CODE_SIGN_STYLE = Automatic;
				DEVELOPMENT_TEAM = U5Z5BHBQ25;
				INFOPLIST_FILE = CustomPCTests/Info.plist;
				IPHONEOS_DEPLOYMENT_TARGET = 14.5;
				LD_RUNPATH_SEARCH_PATHS = (
					"$(inherited)",
					"@executable_path/Frameworks",
					"@loader_path/Frameworks",
				);
				PRODUCT_BUNDLE_IDENTIFIER = com.appdeveloper.CustomPCTests;
				PRODUCT_NAME = "$(TARGET_NAME)";
				SWIFT_VERSION = 5.0;
				TARGETED_DEVICE_FAMILY = "1,2";
				TEST_HOST = "$(BUILT_PRODUCTS_DIR)/CustomPC.app/CustomPC";
			};
			name = Release;
		};
		2AFAE17F27B665D400D74495 /* Debug */ = {
			isa = XCBuildConfiguration;
			buildSettings = {
				ALWAYS_EMBED_SWIFT_STANDARD_LIBRARIES = YES;
				CODE_SIGN_STYLE = Automatic;
				DEVELOPMENT_TEAM = U5Z5BHBQ25;
				INFOPLIST_FILE = CustomPCUITests/Info.plist;
				LD_RUNPATH_SEARCH_PATHS = (
					"$(inherited)",
					"@executable_path/Frameworks",
					"@loader_path/Frameworks",
				);
				PRODUCT_BUNDLE_IDENTIFIER = com.appdeveloper.CustomPCUITests;
				PRODUCT_NAME = "$(TARGET_NAME)";
				SWIFT_VERSION = 5.0;
				TARGETED_DEVICE_FAMILY = "1,2";
				TEST_TARGET_NAME = CustomPC;
			};
			name = Debug;
		};
		2AFAE18027B665D400D74495 /* Release */ = {
			isa = XCBuildConfiguration;
			buildSettings = {
				ALWAYS_EMBED_SWIFT_STANDARD_LIBRARIES = YES;
				CODE_SIGN_STYLE = Automatic;
				DEVELOPMENT_TEAM = U5Z5BHBQ25;
				INFOPLIST_FILE = CustomPCUITests/Info.plist;
				LD_RUNPATH_SEARCH_PATHS = (
					"$(inherited)",
					"@executable_path/Frameworks",
					"@loader_path/Frameworks",
				);
				PRODUCT_BUNDLE_IDENTIFIER = com.appdeveloper.CustomPCUITests;
				PRODUCT_NAME = "$(TARGET_NAME)";
				SWIFT_VERSION = 5.0;
				TARGETED_DEVICE_FAMILY = "1,2";
				TEST_TARGET_NAME = CustomPC;
			};
			name = Release;
		};
/* End XCBuildConfiguration section */

/* Begin XCConfigurationList section */
		2AFAE14627B665D300D74495 /* Build configuration list for PBXProject "CustomPC" */ = {
			isa = XCConfigurationList;
			buildConfigurations = (
				2AFAE17627B665D400D74495 /* Debug */,
				2AFAE17727B665D400D74495 /* Release */,
			);
			defaultConfigurationIsVisible = 0;
			defaultConfigurationName = Release;
		};
		2AFAE17827B665D400D74495 /* Build configuration list for PBXNativeTarget "CustomPC" */ = {
			isa = XCConfigurationList;
			buildConfigurations = (
				2AFAE17927B665D400D74495 /* Debug */,
				2AFAE17A27B665D400D74495 /* Release */,
			);
			defaultConfigurationIsVisible = 0;
			defaultConfigurationName = Release;
		};
		2AFAE17B27B665D400D74495 /* Build configuration list for PBXNativeTarget "CustomPCTests" */ = {
			isa = XCConfigurationList;
			buildConfigurations = (
				2AFAE17C27B665D400D74495 /* Debug */,
				2AFAE17D27B665D400D74495 /* Release */,
			);
			defaultConfigurationIsVisible = 0;
			defaultConfigurationName = Release;
		};
		2AFAE17E27B665D400D74495 /* Build configuration list for PBXNativeTarget "CustomPCUITests" */ = {
			isa = XCConfigurationList;
			buildConfigurations = (
				2AFAE17F27B665D400D74495 /* Debug */,
				2AFAE18027B665D400D74495 /* Release */,
			);
			defaultConfigurationIsVisible = 0;
			defaultConfigurationName = Release;
		};
/* End XCConfigurationList section */

/* Begin XCVersionGroup section */
		2AFAE15727B665D300D74495 /* CustomPC.xcdatamodeld */ = {
			isa = XCVersionGroup;
			children = (
				2AFAE15827B665D300D74495 /* CustomPC.xcdatamodel */,
			);
			currentVersion = 2AFAE15827B665D300D74495 /* CustomPC.xcdatamodel */;
			path = CustomPC.xcdatamodeld;
			sourceTree = "<group>";
			versionGroupType = wrapper.xcdatamodel;
		};
/* End XCVersionGroup section */
	};
	rootObject = 2AFAE14327B665D300D74495 /* Project object */;
}
